// !$*UTF8*$!
{
	archiveVersion = 1;
	classes = {
	};
	objectVersion = 50;
	objects = {

/* Begin PBXBuildFile section */
		D6133E1D22E593B300EA3DB7 /* AppDelegate.m in Sources */ = {isa = PBXBuildFile; fileRef = D6133E1C22E593B300EA3DB7 /* AppDelegate.m */; };
		D6133E2022E593B300EA3DB7 /* ViewController.m in Sources */ = {isa = PBXBuildFile; fileRef = D6133E1F22E593B300EA3DB7 /* ViewController.m */; };
		D6133E2322E593B300EA3DB7 /* Main.storyboard in Resources */ = {isa = PBXBuildFile; fileRef = D6133E2122E593B300EA3DB7 /* Main.storyboard */; };
		D6133E2522E593B500EA3DB7 /* Assets.xcassets in Resources */ = {isa = PBXBuildFile; fileRef = D6133E2422E593B500EA3DB7 /* Assets.xcassets */; };
		D6133E2822E593B500EA3DB7 /* LaunchScreen.storyboard in Resources */ = {isa = PBXBuildFile; fileRef = D6133E2622E593B500EA3DB7 /* LaunchScreen.storyboard */; };
		D6133E2B22E593B500EA3DB7 /* main.m in Sources */ = {isa = PBXBuildFile; fileRef = D6133E2A22E593B500EA3DB7 /* main.m */; };
		D6133E3522E593B500EA3DB7 /* ____demoTests.m in Sources */ = {isa = PBXBuildFile; fileRef = D6133E3422E593B500EA3DB7 /* ____demoTests.m */; };
		D6133E4022E593B600EA3DB7 /* ____demoUITests.m in Sources */ = {isa = PBXBuildFile; fileRef = D6133E3F22E593B600EA3DB7 /* ____demoUITests.m */; };
		D6133E4F22E5951600EA3DB7 /* ZJFJurisdictionUtils.m in Sources */ = {isa = PBXBuildFile; fileRef = D6133E4E22E5951600EA3DB7 /* ZJFJurisdictionUtils.m */; };
		D6133E5222E5A2D700EA3DB7 /* CoreBluetooth.framework in Frameworks */ = {isa = PBXBuildFile; fileRef = D6133E5122E5A2D700EA3DB7 /* CoreBluetooth.framework */; };
		D6133E5422E5AA7900EA3DB7 /* CoreLocation.framework in Frameworks */ = {isa = PBXBuildFile; fileRef = D6133E5322E5AA7800EA3DB7 /* CoreLocation.framework */; };
/* End PBXBuildFile section */

/* Begin PBXContainerItemProxy section */
		D6133E3122E593B500EA3DB7 /* PBXContainerItemProxy */ = {
			isa = PBXContainerItemProxy;
			containerPortal = D6133E1022E593B300EA3DB7 /* Project object */;
			proxyType = 1;
			remoteGlobalIDString = D6133E1722E593B300EA3DB7;
			remoteInfo = "权限调用demo";
		};
		D6133E3C22E593B600EA3DB7 /* PBXContainerItemProxy */ = {
			isa = PBXContainerItemProxy;
			containerPortal = D6133E1022E593B300EA3DB7 /* Project object */;
			proxyType = 1;
			remoteGlobalIDString = D6133E1722E593B300EA3DB7;
			remoteInfo = "权限调用demo";
		};
/* End PBXContainerItemProxy section */

/* Begin PBXFileReference section */
		D6133E1822E593B300EA3DB7 /* 权限调用demo.app */ = {isa = PBXFileReference; explicitFileType = wrapper.application; includeInIndex = 0; path = "权限调用demo.app"; sourceTree = BUILT_PRODUCTS_DIR; };
		D6133E1B22E593B300EA3DB7 /* AppDelegate.h */ = {isa = PBXFileReference; lastKnownFileType = sourcecode.c.h; path = AppDelegate.h; sourceTree = "<group>"; };
		D6133E1C22E593B300EA3DB7 /* AppDelegate.m */ = {isa = PBXFileReference; lastKnownFileType = sourcecode.c.objc; path = AppDelegate.m; sourceTree = "<group>"; };
		D6133E1E22E593B300EA3DB7 /* ViewController.h */ = {isa = PBXFileReference; lastKnownFileType = sourcecode.c.h; path = ViewController.h; sourceTree = "<group>"; };
		D6133E1F22E593B300EA3DB7 /* ViewController.m */ = {isa = PBXFileReference; lastKnownFileType = sourcecode.c.objc; path = ViewController.m; sourceTree = "<group>"; };
		D6133E2222E593B300EA3DB7 /* Base */ = {isa = PBXFileReference; lastKnownFileType = file.storyboard; name = Base; path = Base.lproj/Main.storyboard; sourceTree = "<group>"; };
		D6133E2422E593B500EA3DB7 /* Assets.xcassets */ = {isa = PBXFileReference; lastKnownFileType = folder.assetcatalog; path = Assets.xcassets; sourceTree = "<group>"; };
		D6133E2722E593B500EA3DB7 /* Base */ = {isa = PBXFileReference; lastKnownFileType = file.storyboard; name = Base; path = Base.lproj/LaunchScreen.storyboard; sourceTree = "<group>"; };
		D6133E2922E593B500EA3DB7 /* Info.plist */ = {isa = PBXFileReference; lastKnownFileType = text.plist.xml; path = Info.plist; sourceTree = "<group>"; };
		D6133E2A22E593B500EA3DB7 /* main.m */ = {isa = PBXFileReference; lastKnownFileType = sourcecode.c.objc; path = main.m; sourceTree = "<group>"; };
		D6133E3022E593B500EA3DB7 /* 权限调用demoTests.xctest */ = {isa = PBXFileReference; explicitFileType = wrapper.cfbundle; includeInIndex = 0; path = "权限调用demoTests.xctest"; sourceTree = BUILT_PRODUCTS_DIR; };
		D6133E3422E593B500EA3DB7 /* ____demoTests.m */ = {isa = PBXFileReference; lastKnownFileType = sourcecode.c.objc; path = "____demoTests.m"; sourceTree = "<group>"; };
		D6133E3622E593B500EA3DB7 /* Info.plist */ = {isa = PBXFileReference; lastKnownFileType = text.plist.xml; path = Info.plist; sourceTree = "<group>"; };
		D6133E3B22E593B600EA3DB7 /* 权限调用demoUITests.xctest */ = {isa = PBXFileReference; explicitFileType = wrapper.cfbundle; includeInIndex = 0; path = "权限调用demoUITests.xctest"; sourceTree = BUILT_PRODUCTS_DIR; };
		D6133E3F22E593B600EA3DB7 /* ____demoUITests.m */ = {isa = PBXFileReference; lastKnownFileType = sourcecode.c.objc; path = "____demoUITests.m"; sourceTree = "<group>"; };
		D6133E4122E593B600EA3DB7 /* Info.plist */ = {isa = PBXFileReference; lastKnownFileType = text.plist.xml; path = Info.plist; sourceTree = "<group>"; };
		D6133E4D22E5951600EA3DB7 /* ZJFJurisdictionUtils.h */ = {isa = PBXFileReference; lastKnownFileType = sourcecode.c.h; path = ZJFJurisdictionUtils.h; sourceTree = "<group>"; };
		D6133E4E22E5951600EA3DB7 /* ZJFJurisdictionUtils.m */ = {isa = PBXFileReference; lastKnownFileType = sourcecode.c.objc; path = ZJFJurisdictionUtils.m; sourceTree = "<group>"; };
		D6133E5122E5A2D700EA3DB7 /* CoreBluetooth.framework */ = {isa = PBXFileReference; lastKnownFileType = wrapper.framework; name = CoreBluetooth.framework; path = System/Library/Frameworks/CoreBluetooth.framework; sourceTree = SDKROOT; };
		D6133E5322E5AA7800EA3DB7 /* CoreLocation.framework */ = {isa = PBXFileReference; lastKnownFileType = wrapper.framework; name = CoreLocation.framework; path = System/Library/Frameworks/CoreLocation.framework; sourceTree = SDKROOT; };
/* End PBXFileReference section */

/* Begin PBXFrameworksBuildPhase section */
		D6133E1522E593B300EA3DB7 /* Frameworks */ = {
			isa = PBXFrameworksBuildPhase;
			buildActionMask = 2147483647;
			files = (
				D6133E5422E5AA7900EA3DB7 /* CoreLocation.framework in Frameworks */,
				D6133E5222E5A2D700EA3DB7 /* CoreBluetooth.framework in Frameworks */,
			);
			runOnlyForDeploymentPostprocessing = 0;
		};
		D6133E2D22E593B500EA3DB7 /* Frameworks */ = {
			isa = PBXFrameworksBuildPhase;
			buildActionMask = 2147483647;
			files = (
			);
			runOnlyForDeploymentPostprocessing = 0;
		};
		D6133E3822E593B600EA3DB7 /* Frameworks */ = {
			isa = PBXFrameworksBuildPhase;
			buildActionMask = 2147483647;
			files = (
			);
			runOnlyForDeploymentPostprocessing = 0;
		};
/* End PBXFrameworksBuildPhase section */

/* Begin PBXGroup section */
		D6133E0F22E593B300EA3DB7 = {
			isa = PBXGroup;
			children = (
				D6133E1A22E593B300EA3DB7 /* 权限调用demo */,
				D6133E3322E593B500EA3DB7 /* 权限调用demoTests */,
				D6133E3E22E593B600EA3DB7 /* 权限调用demoUITests */,
				D6133E1922E593B300EA3DB7 /* Products */,
				D6133E5022E5A2D700EA3DB7 /* Frameworks */,
			);
			sourceTree = "<group>";
		};
		D6133E1922E593B300EA3DB7 /* Products */ = {
			isa = PBXGroup;
			children = (
				D6133E1822E593B300EA3DB7 /* 权限调用demo.app */,
				D6133E3022E593B500EA3DB7 /* 权限调用demoTests.xctest */,
				D6133E3B22E593B600EA3DB7 /* 权限调用demoUITests.xctest */,
			);
			name = Products;
			sourceTree = "<group>";
		};
		D6133E1A22E593B300EA3DB7 /* 权限调用demo */ = {
			isa = PBXGroup;
			children = (
				D6133E1B22E593B300EA3DB7 /* AppDelegate.h */,
				D6133E1C22E593B300EA3DB7 /* AppDelegate.m */,
				D6133E1E22E593B300EA3DB7 /* ViewController.h */,
				D6133E1F22E593B300EA3DB7 /* ViewController.m */,
				D6133E2122E593B300EA3DB7 /* Main.storyboard */,
				D6133E2422E593B500EA3DB7 /* Assets.xcassets */,
				D6133E2622E593B500EA3DB7 /* LaunchScreen.storyboard */,
				D6133E2922E593B500EA3DB7 /* Info.plist */,
				D6133E2A22E593B500EA3DB7 /* main.m */,
				D6133E4D22E5951600EA3DB7 /* ZJFJurisdictionUtils.h */,
				D6133E4E22E5951600EA3DB7 /* ZJFJurisdictionUtils.m */,
			);
			path = "权限调用demo";
			sourceTree = "<group>";
		};
		D6133E3322E593B500EA3DB7 /* 权限调用demoTests */ = {
			isa = PBXGroup;
			children = (
				D6133E3422E593B500EA3DB7 /* ____demoTests.m */,
				D6133E3622E593B500EA3DB7 /* Info.plist */,
			);
			path = "权限调用demoTests";
			sourceTree = "<group>";
		};
		D6133E3E22E593B600EA3DB7 /* 权限调用demoUITests */ = {
			isa = PBXGroup;
			children = (
				D6133E3F22E593B600EA3DB7 /* ____demoUITests.m */,
				D6133E4122E593B600EA3DB7 /* Info.plist */,
			);
			path = "权限调用demoUITests";
			sourceTree = "<group>";
		};
		D6133E5022E5A2D700EA3DB7 /* Frameworks */ = {
			isa = PBXGroup;
			children = (
				D6133E5322E5AA7800EA3DB7 /* CoreLocation.framework */,
				D6133E5122E5A2D700EA3DB7 /* CoreBluetooth.framework */,
			);
			name = Frameworks;
			sourceTree = "<group>";
		};
/* End PBXGroup section */

/* Begin PBXNativeTarget section */
		D6133E1722E593B300EA3DB7 /* 权限调用demo */ = {
			isa = PBXNativeTarget;
			buildConfigurationList = D6133E4422E593B600EA3DB7 /* Build configuration list for PBXNativeTarget "权限调用demo" */;
			buildPhases = (
				D6133E1422E593B300EA3DB7 /* Sources */,
				D6133E1522E593B300EA3DB7 /* Frameworks */,
				D6133E1622E593B300EA3DB7 /* Resources */,
			);
			buildRules = (
			);
			dependencies = (
			);
			name = "权限调用demo";
			productName = "权限调用demo";
			productReference = D6133E1822E593B300EA3DB7 /* 权限调用demo.app */;
			productType = "com.apple.product-type.application";
		};
		D6133E2F22E593B500EA3DB7 /* 权限调用demoTests */ = {
			isa = PBXNativeTarget;
			buildConfigurationList = D6133E4722E593B600EA3DB7 /* Build configuration list for PBXNativeTarget "权限调用demoTests" */;
			buildPhases = (
				D6133E2C22E593B500EA3DB7 /* Sources */,
				D6133E2D22E593B500EA3DB7 /* Frameworks */,
				D6133E2E22E593B500EA3DB7 /* Resources */,
			);
			buildRules = (
			);
			dependencies = (
				D6133E3222E593B500EA3DB7 /* PBXTargetDependency */,
			);
			name = "权限调用demoTests";
			productName = "权限调用demoTests";
			productReference = D6133E3022E593B500EA3DB7 /* 权限调用demoTests.xctest */;
			productType = "com.apple.product-type.bundle.unit-test";
		};
		D6133E3A22E593B600EA3DB7 /* 权限调用demoUITests */ = {
			isa = PBXNativeTarget;
			buildConfigurationList = D6133E4A22E593B600EA3DB7 /* Build configuration list for PBXNativeTarget "权限调用demoUITests" */;
			buildPhases = (
				D6133E3722E593B600EA3DB7 /* Sources */,
				D6133E3822E593B600EA3DB7 /* Frameworks */,
				D6133E3922E593B600EA3DB7 /* Resources */,
			);
			buildRules = (
			);
			dependencies = (
				D6133E3D22E593B600EA3DB7 /* PBXTargetDependency */,
			);
			name = "权限调用demoUITests";
			productName = "权限调用demoUITests";
			productReference = D6133E3B22E593B600EA3DB7 /* 权限调用demoUITests.xctest */;
			productType = "com.apple.product-type.bundle.ui-testing";
		};
/* End PBXNativeTarget section */

/* Begin PBXProject section */
		D6133E1022E593B300EA3DB7 /* Project object */ = {
			isa = PBXProject;
			attributes = {
				LastUpgradeCheck = 1020;
				ORGANIZATIONNAME = "小哲的dell";
				TargetAttributes = {
					D6133E1722E593B300EA3DB7 = {
						CreatedOnToolsVersion = 10.2.1;
					};
					D6133E2F22E593B500EA3DB7 = {
						CreatedOnToolsVersion = 10.2.1;
						TestTargetID = D6133E1722E593B300EA3DB7;
					};
					D6133E3A22E593B600EA3DB7 = {
						CreatedOnToolsVersion = 10.2.1;
						TestTargetID = D6133E1722E593B300EA3DB7;
					};
				};
			};
			buildConfigurationList = D6133E1322E593B300EA3DB7 /* Build configuration list for PBXProject "权限调用demo" */;
			compatibilityVersion = "Xcode 9.3";
			developmentRegion = en;
			hasScannedForEncodings = 0;
			knownRegions = (
				en,
				Base,
			);
			mainGroup = D6133E0F22E593B300EA3DB7;
			productRefGroup = D6133E1922E593B300EA3DB7 /* Products */;
			projectDirPath = "";
			projectRoot = "";
			targets = (
				D6133E1722E593B300EA3DB7 /* 权限调用demo */,
				D6133E2F22E593B500EA3DB7 /* 权限调用demoTests */,
				D6133E3A22E593B600EA3DB7 /* 权限调用demoUITests */,
			);
		};
/* End PBXProject section */

/* Begin PBXResourcesBuildPhase section */
		D6133E1622E593B300EA3DB7 /* Resources */ = {
			isa = PBXResourcesBuildPhase;
			buildActionMask = 2147483647;
			files = (
				D6133E2822E593B500EA3DB7 /* LaunchScreen.storyboard in Resources */,
				D6133E2522E593B500EA3DB7 /* Assets.xcassets in Resources */,
				D6133E2322E593B300EA3DB7 /* Main.storyboard in Resources */,
			);
			runOnlyForDeploymentPostprocessing = 0;
		};
		D6133E2E22E593B500EA3DB7 /* Resources */ = {
			isa = PBXResourcesBuildPhase;
			buildActionMask = 2147483647;
			files = (
			);
			runOnlyForDeploymentPostprocessing = 0;
		};
		D6133E3922E593B600EA3DB7 /* Resources */ = {
			isa = PBXResourcesBuildPhase;
			buildActionMask = 2147483647;
			files = (
			);
			runOnlyForDeploymentPostprocessing = 0;
		};
/* End PBXResourcesBuildPhase section */

/* Begin PBXSourcesBuildPhase section */
		D6133E1422E593B300EA3DB7 /* Sources */ = {
			isa = PBXSourcesBuildPhase;
			buildActionMask = 2147483647;
			files = (
				D6133E2022E593B300EA3DB7 /* ViewController.m in Sources */,
				D6133E2B22E593B500EA3DB7 /* main.m in Sources */,
				D6133E1D22E593B300EA3DB7 /* AppDelegate.m in Sources */,
				D6133E4F22E5951600EA3DB7 /* ZJFJurisdictionUtils.m in Sources */,
			);
			runOnlyForDeploymentPostprocessing = 0;
		};
		D6133E2C22E593B500EA3DB7 /* Sources */ = {
			isa = PBXSourcesBuildPhase;
			buildActionMask = 2147483647;
			files = (
				D6133E3522E593B500EA3DB7 /* ____demoTests.m in Sources */,
			);
			runOnlyForDeploymentPostprocessing = 0;
		};
		D6133E3722E593B600EA3DB7 /* Sources */ = {
			isa = PBXSourcesBuildPhase;
			buildActionMask = 2147483647;
			files = (
				D6133E4022E593B600EA3DB7 /* ____demoUITests.m in Sources */,
			);
			runOnlyForDeploymentPostprocessing = 0;
		};
/* End PBXSourcesBuildPhase section */

/* Begin PBXTargetDependency section */
		D6133E3222E593B500EA3DB7 /* PBXTargetDependency */ = {
			isa = PBXTargetDependency;
			target = D6133E1722E593B300EA3DB7 /* 权限调用demo */;
			targetProxy = D6133E3122E593B500EA3DB7 /* PBXContainerItemProxy */;
		};
		D6133E3D22E593B600EA3DB7 /* PBXTargetDependency */ = {
			isa = PBXTargetDependency;
			target = D6133E1722E593B300EA3DB7 /* 权限调用demo */;
			targetProxy = D6133E3C22E593B600EA3DB7 /* PBXContainerItemProxy */;
		};
/* End PBXTargetDependency section */

/* Begin PBXVariantGroup section */
		D6133E2122E593B300EA3DB7 /* Main.storyboard */ = {
			isa = PBXVariantGroup;
			children = (
				D6133E2222E593B300EA3DB7 /* Base */,
			);
			name = Main.storyboard;
			sourceTree = "<group>";
		};
		D6133E2622E593B500EA3DB7 /* LaunchScreen.storyboard */ = {
			isa = PBXVariantGroup;
			children = (
				D6133E2722E593B500EA3DB7 /* Base */,
			);
			name = LaunchScreen.storyboard;
			sourceTree = "<group>";
		};
/* End PBXVariantGroup section */

/* Begin XCBuildConfiguration section */
		D6133E4222E593B600EA3DB7 /* Debug */ = {
			isa = XCBuildConfiguration;
			buildSettings = {
				ALWAYS_SEARCH_USER_PATHS = NO;
				CLANG_ANALYZER_NONNULL = YES;
				CLANG_ANALYZER_NUMBER_OBJECT_CONVERSION = YES_AGGRESSIVE;
				CLANG_CXX_LANGUAGE_STANDARD = "gnu++14";
				CLANG_CXX_LIBRARY = "libc++";
				CLANG_ENABLE_MODULES = YES;
				CLANG_ENABLE_OBJC_ARC = YES;
				CLANG_ENABLE_OBJC_WEAK = YES;
				CLANG_WARN_BLOCK_CAPTURE_AUTORELEASING = YES;
				CLANG_WARN_BOOL_CONVERSION = YES;
				CLANG_WARN_COMMA = YES;
				CLANG_WARN_CONSTANT_CONVERSION = YES;
				CLANG_WARN_DEPRECATED_OBJC_IMPLEMENTATIONS = YES;
				CLANG_WARN_DIRECT_OBJC_ISA_USAGE = YES_ERROR;
				CLANG_WARN_DOCUMENTATION_COMMENTS = YES;
				CLANG_WARN_EMPTY_BODY = YES;
				CLANG_WARN_ENUM_CONVERSION = YES;
				CLANG_WARN_INFINITE_RECURSION = YES;
				CLANG_WARN_INT_CONVERSION = YES;
				CLANG_WARN_NON_LITERAL_NULL_CONVERSION = YES;
				CLANG_WARN_OBJC_IMPLICIT_RETAIN_SELF = YES;
				CLANG_WARN_OBJC_LITERAL_CONVERSION = YES;
				CLANG_WARN_OBJC_ROOT_CLASS = YES_ERROR;
				CLANG_WARN_RANGE_LOOP_ANALYSIS = YES;
				CLANG_WARN_STRICT_PROTOTYPES = YES;
				CLANG_WARN_SUSPICIOUS_MOVE = YES;
				CLANG_WARN_UNGUARDED_AVAILABILITY = YES_AGGRESSIVE;
				CLANG_WARN_UNREACHABLE_CODE = YES;
				CLANG_WARN__DUPLICATE_METHOD_MATCH = YES;
				CODE_SIGN_IDENTITY = "iPhone Developer";
				COPY_PHASE_STRIP = NO;
				DEBUG_INFORMATION_FORMAT = dwarf;
				ENABLE_STRICT_OBJC_MSGSEND = YES;
				ENABLE_TESTABILITY = YES;
				GCC_C_LANGUAGE_STANDARD = gnu11;
				GCC_DYNAMIC_NO_PIC = NO;
				GCC_NO_COMMON_BLOCKS = YES;
				GCC_OPTIMIZATION_LEVEL = 0;
				GCC_PREPROCESSOR_DEFINITIONS = (
					"DEBUG=1",
					"$(inherited)",
				);
				GCC_WARN_64_TO_32_BIT_CONVERSION = YES;
				GCC_WARN_ABOUT_RETURN_TYPE = YES_ERROR;
				GCC_WARN_UNDECLARED_SELECTOR = YES;
				GCC_WARN_UNINITIALIZED_AUTOS = YES_AGGRESSIVE;
				GCC_WARN_UNUSED_FUNCTION = YES;
				GCC_WARN_UNUSED_VARIABLE = YES;
				IPHONEOS_DEPLOYMENT_TARGET = 12.2;
				MTL_ENABLE_DEBUG_INFO = INCLUDE_SOURCE;
				MTL_FAST_MATH = YES;
				ONLY_ACTIVE_ARCH = YES;
				SDKROOT = iphoneos;
			};
			name = Debug;
		};
		D6133E4322E593B600EA3DB7 /* Release */ = {
			isa = XCBuildConfiguration;
			buildSettings = {
				ALWAYS_SEARCH_USER_PATHS = NO;
				CLANG_ANALYZER_NONNULL = YES;
				CLANG_ANALYZER_NUMBER_OBJECT_CONVERSION = YES_AGGRESSIVE;
				CLANG_CXX_LANGUAGE_STANDARD = "gnu++14";
				CLANG_CXX_LIBRARY = "libc++";
				CLANG_ENABLE_MODULES = YES;
				CLANG_ENABLE_OBJC_ARC = YES;
				CLANG_ENABLE_OBJC_WEAK = YES;
				CLANG_WARN_BLOCK_CAPTURE_AUTORELEASING = YES;
				CLANG_WARN_BOOL_CONVERSION = YES;
				CLANG_WARN_COMMA = YES;
				CLANG_WARN_CONSTANT_CONVERSION = YES;
				CLANG_WARN_DEPRECATED_OBJC_IMPLEMENTATIONS = YES;
				CLANG_WARN_DIRECT_OBJC_ISA_USAGE = YES_ERROR;
				CLANG_WARN_DOCUMENTATION_COMMENTS = YES;
				CLANG_WARN_EMPTY_BODY = YES;
				CLANG_WARN_ENUM_CONVERSION = YES;
				CLANG_WARN_INFINITE_RECURSION = YES;
				CLANG_WARN_INT_CONVERSION = YES;
				CLANG_WARN_NON_LITERAL_NULL_CONVERSION = YES;
				CLANG_WARN_OBJC_IMPLICIT_RETAIN_SELF = YES;
				CLANG_WARN_OBJC_LITERAL_CONVERSION = YES;
				CLANG_WARN_OBJC_ROOT_CLASS = YES_ERROR;
				CLANG_WARN_RANGE_LOOP_ANALYSIS = YES;
				CLANG_WARN_STRICT_PROTOTYPES = YES;
				CLANG_WARN_SUSPICIOUS_MOVE = YES;
				CLANG_WARN_UNGUARDED_AVAILABILITY = YES_AGGRESSIVE;
				CLANG_WARN_UNREACHABLE_CODE = YES;
				CLANG_WARN__DUPLICATE_METHOD_MATCH = YES;
				CODE_SIGN_IDENTITY = "iPhone Developer";
				COPY_PHASE_STRIP = NO;
				DEBUG_INFORMATION_FORMAT = "dwarf-with-dsym";
				ENABLE_NS_ASSERTIONS = NO;
				ENABLE_STRICT_OBJC_MSGSEND = YES;
				GCC_C_LANGUAGE_STANDARD = gnu11;
				GCC_NO_COMMON_BLOCKS = YES;
				GCC_WARN_64_TO_32_BIT_CONVERSION = YES;
				GCC_WARN_ABOUT_RETURN_TYPE = YES_ERROR;
				GCC_WARN_UNDECLARED_SELECTOR = YES;
				GCC_WARN_UNINITIALIZED_AUTOS = YES_AGGRESSIVE;
				GCC_WARN_UNUSED_FUNCTION = YES;
				GCC_WARN_UNUSED_VARIABLE = YES;
				IPHONEOS_DEPLOYMENT_TARGET = 12.2;
				MTL_ENABLE_DEBUG_INFO = NO;
				MTL_FAST_MATH = YES;
				SDKROOT = iphoneos;
				VALIDATE_PRODUCT = YES;
			};
			name = Release;
		};
		D6133E4522E593B600EA3DB7 /* Debug */ = {
			isa = XCBuildConfiguration;
			buildSettings = {
				ASSETCATALOG_COMPILER_APPICON_NAME = AppIcon;
				CODE_SIGN_STYLE = Automatic;
				DEVELOPMENT_TEAM = 5ZD3H39Z2A;
				INFOPLIST_FILE = "权限调用demo/Info.plist";
				LD_RUNPATH_SEARCH_PATHS = (
					"$(inherited)",
					"@executable_path/Frameworks",
				);
				PRODUCT_BUNDLE_IDENTIFIER = "null.----demo";
				PRODUCT_NAME = "$(TARGET_NAME)";
				TARGETED_DEVICE_FAMILY = "1,2";
			};
			name = Debug;
		};
		D6133E4622E593B600EA3DB7 /* Release */ = {
			isa = XCBuildConfiguration;
			buildSettings = {
				ASSETCATALOG_COMPILER_APPICON_NAME = AppIcon;
				CODE_SIGN_STYLE = Automatic;
				DEVELOPMENT_TEAM = 5ZD3H39Z2A;
				INFOPLIST_FILE = "权限调用demo/Info.plist";
				LD_RUNPATH_SEARCH_PATHS = (
					"$(inherited)",
					"@executable_path/Frameworks",
				);
				PRODUCT_BUNDLE_IDENTIFIER = "null.----demo";
				PRODUCT_NAME = "$(TARGET_NAME)";
				TARGETED_DEVICE_FAMILY = "1,2";
			};
			name = Release;
		};
		D6133E4822E593B600EA3DB7 /* Debug */ = {
			isa = XCBuildConfiguration;
			buildSettings = {
				BUNDLE_LOADER = "$(TEST_HOST)";
				CODE_SIGN_STYLE = Automatic;
				INFOPLIST_FILE = "权限调用demoTests/Info.plist";
				LD_RUNPATH_SEARCH_PATHS = (
					"$(inherited)",
					"@executable_path/Frameworks",
					"@loader_path/Frameworks",
				);
				PRODUCT_BUNDLE_IDENTIFIER = "null.----demoTests";
				PRODUCT_NAME = "$(TARGET_NAME)";
				TARGETED_DEVICE_FAMILY = "1,2";
				TEST_HOST = "$(BUILT_PRODUCTS_DIR)/权限调用demo.app/权限调用demo";
			};
			name = Debug;
		};
		D6133E4922E593B600EA3DB7 /* Release */ = {
			isa = XCBuildConfiguration;
			buildSettings = {
				BUNDLE_LOADER = "$(TEST_HOST)";
				CODE_SIGN_STYLE = Automatic;
				INFOPLIST_FILE = "权限调用demoTests/Info.plist";
				LD_RUNPATH_SEARCH_PATHS = (
					"$(inherited)",
					"@executable_path/Frameworks",
					"@loader_path/Frameworks",
				);
				PRODUCT_BUNDLE_IDENTIFIER = "null.----demoTests";
				PRODUCT_NAME = "$(TARGET_NAME)";
				TARGETED_DEVICE_FAMILY = "1,2";
				TEST_HOST = "$(BUILT_PRODUCTS_DIR)/权限调用demo.app/权限调用demo";
			};
			name = Release;
		};
		D6133E4B22E593B600EA3DB7 /* Debug */ = {
			isa = XCBuildConfiguration;
			buildSettings = {
				CODE_SIGN_STYLE = Automatic;
				INFOPLIST_FILE = "权限调用demoUITests/Info.plist";
				LD_RUNPATH_SEARCH_PATHS = (
					"$(inherited)",
					"@executable_path/Frameworks",
					"@loader_path/Frameworks",
				);
				PRODUCT_BUNDLE_IDENTIFIER = "null.----demoUITests";
				PRODUCT_NAME = "$(TARGET_NAME)";
				TARGETED_DEVICE_FAMILY = "1,2";
				TEST_TARGET_NAME = "权限调用demo";
			};
			name = Debug;
		};
		D6133E4C22E593B600EA3DB7 /* Release */ = {
			isa = XCBuildConfiguration;
			buildSettings = {
				CODE_SIGN_STYLE = Automatic;
				INFOPLIST_FILE = "权限调用demoUITests/Info.plist";
				LD_RUNPATH_SEARCH_PATHS = (
					"$(inherited)",
					"@executable_path/Frameworks",
					"@loader_path/Frameworks",
				);
				PRODUCT_BUNDLE_IDENTIFIER = "null.----demoUITests";
				PRODUCT_NAME = "$(TARGET_NAME)";
				TARGETED_DEVICE_FAMILY = "1,2";
				TEST_TARGET_NAME = "权限调用demo";
			};
			name = Release;
		};
/* End XCBuildConfiguration section */

/* Begin XCConfigurationList section */
		D6133E1322E593B300EA3DB7 /* Build configuration list for PBXProject "权限调用demo" */ = {
			isa = XCConfigurationList;
			buildConfigurations = (
				D6133E4222E593B600EA3DB7 /* Debug */,
				D6133E4322E593B600EA3DB7 /* Release */,
			);
			defaultConfigurationIsVisible = 0;
			defaultConfigurationName = Release;
		};
		D6133E4422E593B600EA3DB7 /* Build configuration list for PBXNativeTarget "权限调用demo" */ = {
			isa = XCConfigurationList;
			buildConfigurations = (
				D6133E4522E593B600EA3DB7 /* Debug */,
				D6133E4622E593B600EA3DB7 /* Release */,
			);
			defaultConfigurationIsVisible = 0;
			defaultConfigurationName = Release;
		};
		D6133E4722E593B600EA3DB7 /* Build configuration list for PBXNativeTarget "权限调用demoTests" */ = {
			isa = XCConfigurationList;
			buildConfigurations = (
				D6133E4822E593B600EA3DB7 /* Debug */,
				D6133E4922E593B600EA3DB7 /* Release */,
			);
			defaultConfigurationIsVisible = 0;
			defaultConfigurationName = Release;
		};
		D6133E4A22E593B600EA3DB7 /* Build configuration list for PBXNativeTarget "权限调用demoUITests" */ = {
			isa = XCConfigurationList;
			buildConfigurations = (
				D6133E4B22E593B600EA3DB7 /* Debug */,
				D6133E4C22E593B600EA3DB7 /* Release */,
			);
			defaultConfigurationIsVisible = 0;
			defaultConfigurationName = Release;
		};
/* End XCConfigurationList section */
	};
	rootObject = D6133E1022E593B300EA3DB7 /* Project object */;
}
